
Microsoft Visual Studio Solution File, Format Version 12.00
# Visual Studio Version 17
VisualStudioVersion = 17.2.32630.192
MinimumVisualStudioVersion = 10.0.40219.1
Project("{9A19103F-16F7-4668-BE54-9A1E7A4F7556}") = "SimpleThingsProvider", "TorrentScraper\SimpleThingsProvider.csproj", "{81409BD9-3D58-4BEE-B5D4-906F232C2581}"
EndProject
Project("{930C7802-8A8C-48F9-8165-68863BCCD9DD}") = "STP_Setup", "STP_Setup\STP_Setup.wixproj", "{3B0D6A07-95EB-4D8A-B8C1-A105BFAD9312}"
EndProject
Project("{9A19103F-16F7-4668-BE54-9A1E7A4F7556}") = "FitGirlModule", "FitGirlModule\FitGirlModule\FitGirlModule.csproj", "{CBD47277-3797-4718-8F89-AD8363042858}"
EndProject
Global
	GlobalSection(SolutionConfigurationPlatforms) = preSolution
		Debug|Any CPU = Debug|Any CPU
		Debug|x64 = Debug|x64
		Debug|x86 = Debug|x86
		Release|Any CPU = Release|Any CPU
		Release|x64 = Release|x64
		Release|x86 = Release|x86
	EndGlobalSection
	GlobalSection(ProjectConfigurationPlatforms) = postSolution
		{81409BD9-3D58-4BEE-B5D4-906F232C2581}.Debug|Any CPU.ActiveCfg = Debug|Any CPU
		{81409BD9-3D58-4BEE-B5D4-906F232C2581}.Debug|Any CPU.Build.0 = Debug|Any CPU
		{81409BD9-3D58-4BEE-B5D4-906F232C2581}.Debug|x64.ActiveCfg = Debug|Any CPU
		{81409BD9-3D58-4BEE-B5D4-906F232C2581}.Debug|x64.Build.0 = Debug|Any CPU
		{81409BD9-3D58-4BEE-B5D4-906F232C2581}.Debug|x86.ActiveCfg = Debug|Any CPU
		{81409BD9-3D58-4BEE-B5D4-906F232C2581}.Debug|x86.Build.0 = Debug|Any CPU
		{81409BD9-3D58-4BEE-B5D4-906F232C2581}.Release|Any CPU.ActiveCfg = Release|Any CPU
		{81409BD9-3D58-4BEE-B5D4-906F232C2581}.Release|Any CPU.Build.0 = Release|Any CPU
		{81409BD9-3D58-4BEE-B5D4-906F232C2581}.Release|x64.ActiveCfg = Release|x64
		{81409BD9-3D58-4BEE-B5D4-906F232C2581}.Release|x64.Build.0 = Release|x64
		{81409BD9-3D58-4BEE-B5D4-906F232C2581}.Release|x86.ActiveCfg = Release|Any CPU
		{81409BD9-3D58-4BEE-B5D4-906F232C2581}.Release|x86.Build.0 = Release|Any CPU
		{3B0D6A07-95EB-4D8A-B8C1-A105BFAD9312}.Debug|Any CPU.ActiveCfg = Debug|x86
		{3B0D6A07-95EB-4D8A-B8C1-A105BFAD9312}.Debug|Any CPU.Build.0 = Debug|x86
		{3B0D6A07-95EB-4D8A-B8C1-A105BFAD9312}.Debug|x64.ActiveCfg = Debug|x86
		{3B0D6A07-95EB-4D8A-B8C1-A105BFAD9312}.Debug|x64.Build.0 = Debug|x86
		{3B0D6A07-95EB-4D8A-B8C1-A105BFAD9312}.Debug|x86.ActiveCfg = Debug|x86
		{3B0D6A07-95EB-4D8A-B8C1-A105BFAD9312}.Debug|x86.Build.0 = Debug|x86
		{3B0D6A07-95EB-4D8A-B8C1-A105BFAD9312}.Release|Any CPU.ActiveCfg = Release|x86
		{3B0D6A07-95EB-4D8A-B8C1-A105BFAD9312}.Release|Any CPU.Build.0 = Release|x86
		{3B0D6A07-95EB-4D8A-B8C1-A105BFAD9312}.Release|x64.ActiveCfg = Release|x86
		{3B0D6A07-95EB-4D8A-B8C1-A105BFAD9312}.Release|x64.Build.0 = Release|x86
		{3B0D6A07-95EB-4D8A-B8C1-A105BFAD9312}.Release|x86.ActiveCfg = Release|x86
		{3B0D6A07-95EB-4D8A-B8C1-A105BFAD9312}.Release|x86.Build.0 = Release|x86
		{CBD47277-3797-4718-8F89-AD8363042858}.Debug|Any CPU.ActiveCfg = Debug|Any CPU
		{CBD47277-3797-4718-8F89-AD8363042858}.Debug|Any CPU.Build.0 = Debug|Any CPU
		{CBD47277-3797-4718-8F89-AD8363042858}.Debug|x64.ActiveCfg = Debug|Any CPU
		{CBD47277-3797-4718-8F89-AD8363042858}.Debug|x64.Build.0 = Debug|Any CPU
		{CBD47277-3797-4718-8F89-AD8363042858}.Debug|x86.ActiveCfg = Debug|Any CPU
		{CBD47277-3797-4718-8F89-AD8363042858}.Debug|x86.Build.0 = Debug|Any CPU
		{CBD47277-3797-4718-8F89-AD8363042858}.Release|Any CPU.ActiveCfg = Release|Any CPU
		{CBD47277-3797-4718-8F89-AD8363042858}.Release|Any CPU.Build.0 = Release|Any CPU
		{CBD47277-3797-4718-8F89-AD8363042858}.Release|x64.ActiveCfg = Release|Any CPU
		{CBD47277-3797-4718-8F89-AD8363042858}.Release|x64.Build.0 = Release|Any CPU
		{CBD47277-3797-4718-8F89-AD8363042858}.Release|x86.ActiveCfg = Release|Any CPU
		{CBD47277-3797-4718-8F89-AD8363042858}.Release|x86.Build.0 = Release|Any CPU
	EndGlobalSection
	GlobalSection(SolutionProperties) = preSolution
		HideSolutionNode = FALSE
	EndGlobalSection
	GlobalSection(ExtensibilityGlobals) = postSolution
		SolutionGuid = {4EE321A4-A639-4FB1-8D89-5246E10EF354}
	EndGlobalSection
EndGlobal
